
Microsoft Visual Studio Solution File, Format Version 12.00
# Visual Studio Version 17
VisualStudioVersion = 17.0.31903.59
MinimumVisualStudioVersion = 10.0.40219.1
Project("{FAE04EC0-301F-11D3-BF4B-00C04F79EFBC}") = "IndependentWork24", "IndependentWork24\IndependentWork24.csproj", "{BDC0C15A-8CCF-45EA-8B49-2D0BAB68BDC2}"
EndProject
Project("{FAE04EC0-301F-11D3-BF4B-00C04F79EFBC}") = "IndependentWork24.Tests", "IndependentWork24.Tests\IndependentWork24.Tests.csproj", "{B2F51200-DEF8-4AB8-96D1-B4E5951484B1}"
EndProject
Global
	GlobalSection(SolutionConfigurationPlatforms) = preSolution
		Debug|Any CPU = Debug|Any CPU
		Release|Any CPU = Release|Any CPU
	EndGlobalSection
	GlobalSection(SolutionProperties) = preSolution
		HideSolutionNode = FALSE
	EndGlobalSection
	GlobalSection(ProjectConfigurationPlatforms) = postSolution
		{BDC0C15A-8CCF-45EA-8B49-2D0BAB68BDC2}.Debug|Any CPU.ActiveCfg = Debug|Any CPU
		{BDC0C15A-8CCF-45EA-8B49-2D0BAB68BDC2}.Debug|Any CPU.Build.0 = Debug|Any CPU
		{BDC0C15A-8CCF-45EA-8B49-2D0BAB68BDC2}.Release|Any CPU.ActiveCfg = Release|Any CPU
		{BDC0C15A-8CCF-45EA-8B49-2D0BAB68BDC2}.Release|Any CPU.Build.0 = Release|Any CPU
		{B2F51200-DEF8-4AB8-96D1-B4E5951484B1}.Debug|Any CPU.ActiveCfg = Debug|Any CPU
		{B2F51200-DEF8-4AB8-96D1-B4E5951484B1}.Debug|Any CPU.Build.0 = Debug|Any CPU
		{B2F51200-DEF8-4AB8-96D1-B4E5951484B1}.Release|Any CPU.ActiveCfg = Release|Any CPU
		{B2F51200-DEF8-4AB8-96D1-B4E5951484B1}.Release|Any CPU.Build.0 = Release|Any CPU
	EndGlobalSection
EndGlobal
